
Microsoft Visual Studio Solution File, Format Version 12.00
# Visual Studio Version 17
VisualStudioVersion = 17.8.34316.72
MinimumVisualStudioVersion = 10.0.40219.1
Project("{FAE04EC0-301F-11D3-BF4B-00C04F79EFBC}") = "TahChuvendoAi", "TahChuvendoAi\TahChuvendoAi.csproj", "{397A6FCB-8220-45B0-A056-6417243F780C}"
EndProject
Global
	GlobalSection(SolutionConfigurationPlatforms) = preSolution
		Debug|Any CPU = Debug|Any CPU
		Release|Any CPU = Release|Any CPU
	EndGlobalSection
	GlobalSection(ProjectConfigurationPlatforms) = postSolution
		{397A6FCB-8220-45B0-A056-6417243F780C}.Debug|Any CPU.ActiveCfg = Debug|Any CPU
		{397A6FCB-8220-45B0-A056-6417243F780C}.Debug|Any CPU.Build.0 = Debug|Any CPU
		{397A6FCB-8220-45B0-A056-6417243F780C}.Debug|Any CPU.Deploy.0 = Debug|Any CPU
		{397A6FCB-8220-45B0-A056-6417243F780C}.Release|Any CPU.ActiveCfg = Release|Any CPU
		{397A6FCB-8220-45B0-A056-6417243F780C}.Release|Any CPU.Build.0 = Release|Any CPU
		{397A6FCB-8220-45B0-A056-6417243F780C}.Release|Any CPU.Deploy.0 = Release|Any CPU
	EndGlobalSection
	GlobalSection(SolutionProperties) = preSolution
		HideSolutionNode = FALSE
	EndGlobalSection
	GlobalSection(ExtensibilityGlobals) = postSolution
		SolutionGuid = {999C7537-ACD9-406C-978A-6752F2140E59}
	EndGlobalSection
EndGlobal
